
Microsoft Visual Studio Solution File, Format Version 12.00
# Visual Studio Version 17
VisualStudioVersion = 17.7.34221.43
MinimumVisualStudioVersion = 10.0.40219.1
Project("{FAE04EC0-301F-11D3-BF4B-00C04F79EFBC}") = "Cozma_Laurentiu_Lab10", "Cozma_Laurentiu_Lab10.csproj", "{876C01C2-320F-4998-8DF8-D56A3E30B7DA}"
EndProject
Project("{FAE04EC0-301F-11D3-BF4B-00C04F79EFBC}") = "gRPCClient", "..\gRPCClient\gRPCClient.csproj", "{C7B7394C-C1FC-4B3E-A27A-F5BFDABCE5B6}"
EndProject
Global
	GlobalSection(SolutionConfigurationPlatforms) = preSolution
		Debug|Any CPU = Debug|Any CPU
		Release|Any CPU = Release|Any CPU
	EndGlobalSection
	GlobalSection(ProjectConfigurationPlatforms) = postSolution
		{876C01C2-320F-4998-8DF8-D56A3E30B7DA}.Debug|Any CPU.ActiveCfg = Debug|Any CPU
		{876C01C2-320F-4998-8DF8-D56A3E30B7DA}.Debug|Any CPU.Build.0 = Debug|Any CPU
		{876C01C2-320F-4998-8DF8-D56A3E30B7DA}.Release|Any CPU.ActiveCfg = Release|Any CPU
		{876C01C2-320F-4998-8DF8-D56A3E30B7DA}.Release|Any CPU.Build.0 = Release|Any CPU
		{C7B7394C-C1FC-4B3E-A27A-F5BFDABCE5B6}.Debug|Any CPU.ActiveCfg = Debug|Any CPU
		{C7B7394C-C1FC-4B3E-A27A-F5BFDABCE5B6}.Debug|Any CPU.Build.0 = Debug|Any CPU
		{C7B7394C-C1FC-4B3E-A27A-F5BFDABCE5B6}.Release|Any CPU.ActiveCfg = Release|Any CPU
		{C7B7394C-C1FC-4B3E-A27A-F5BFDABCE5B6}.Release|Any CPU.Build.0 = Release|Any CPU
	EndGlobalSection
	GlobalSection(SolutionProperties) = preSolution
		HideSolutionNode = FALSE
	EndGlobalSection
	GlobalSection(ExtensibilityGlobals) = postSolution
		SolutionGuid = {2CA09F93-D4D1-4B96-BE25-C6F096D6F408}
	EndGlobalSection
EndGlobal
